{
  "version": 4,
  "terraform_version": "1.15.8",
  "serial": 1,
  "lineage": "ec37349e-7b4e-8885-48a8-1e6b4ea8e3f5",
  "outputs": {},
  "resources": [
    {
      "mode": "managed",
      "type": "github_repository",
      "name": "repo",
      "provider": "provider[\"registry.terraform.io/integrations/github\"]",
      "instances": [
        {
          "schema_version": 1,
          "attributes": {
            "allow_auto_merge": false,
            "allow_forking": true,
            "allow_merge_commit": true,
            "allow_rebase_merge": true,
            "allow_squash_merge": true,
            "allow_update_branch": false,
            "archive_on_destroy": null,
            "archived": false,
            "auto_init": true,
            "default_branch": "main",
            "delete_branch_on_merge": false,
            "description": "Repository created using Terraform",
            "etag": "W/\"823fa1e8c2b89ff08460cd4b2d57929dd77ae11eac3f8b3a892f4aaef98c120b\"",
            "fork": "false",
            "full_name": "SATISHKAALANGI/my-terraform-repo",
            "git_clone_url": "git://github.com/SATISHKAALANGI/my-terraform-repo.git",
            "gitignore_template": null,
            "has_discussions": false,
            "has_downloads": false,
            "has_issues": false,
            "has_projects": false,
            "has_wiki": false,
            "homepage_url": "",
            "html_url": "https://github.com/SATISHKAALANGI/my-terraform-repo",
            "http_clone_url": "https://github.com/SATISHKAALANGI/my-terraform-repo.git",
            "id": "my-terraform-repo",
            "ignore_vulnerability_alerts_during_read": false,
            "is_template": false,
            "license_template": null,
            "merge_commit_message": "PR_TITLE",
            "merge_commit_title": "MERGE_MESSAGE",
            "name": "my-terraform-repo",
            "node_id": "R_kgDOUFr2kA",
            "pages": [],
            "primary_language": "",
            "private": false,
            "repo_id": 1348138640,
            "security_and_analysis": [
              {
                "advanced_security": [],
                "code_security": [],
                "secret_scanning": [
                  {
                    "status": "enabled"
                  }
                ],
                "secret_scanning_ai_detection": [],
                "secret_scanning_non_provider_patterns": [],
                "secret_scanning_push_protection": [
                  {
                    "status": "enabled"
                  }
                ]
              }
            ],
            "source_owner": "",
            "source_repo": "",
            "squash_merge_commit_message": "COMMIT_MESSAGES",
            "squash_merge_commit_title": "COMMIT_OR_PR_TITLE",
            "ssh_clone_url": "git@github.com:SATISHKAALANGI/my-terraform-repo.git",
            "svn_url": "https://github.com/SATISHKAALANGI/my-terraform-repo",
            "template": [],
            "topics": [],
            "visibility": "public",
            "vulnerability_alerts": false,
            "web_commit_signoff_required": false
          },
          "sensitive_attributes": [],
          "identity_schema_version": 0,
          "private": "eyJzY2hlbWFfdmVyc2lvbiI6IjEifQ=="
        }
      ]
    }
  ],
  "check_results": null
}
